{
  "name": "TPS-CjClient",
  "version": "1.0.0",
  "lockfileVersion": 2,
  "requires": true,
  "packages": {
    "": {
      "name": "TPS-CjClient",
      "version": "1.0.0",
      "license": "MIT",
      "dependencies": {
        "uritemplate": "0.3.4"
      }
    },
    "node_modules/uritemplate": {
      "version": "0.3.4",
      "resolved": "https://registry.npmjs.org/uritemplate/-/uritemplate-0.3.4.tgz",
      "integrity": "sha1-BdCoU/+8iw9Jqj1NKtd3sNHuBww="
    }
  },
  "dependencies": {
    "uritemplate": {
      "version": "0.3.4",
      "resolved": "https://registry.npmjs.org/uritemplate/-/uritemplate-0.3.4.tgz",
      "integrity": "sha1-BdCoU/+8iw9Jqj1NKtd3sNHuBww="
    }
  }
}
